// !$*UTF8*$!
{
	archiveVersion = 1;
	classes = {
	};
	objectVersion = 50;
	objects = {

/* Begin PBXBuildFile section */
		CD81B479232E5FEE0067E2BA /* AppDelegate.swift in Sources */ = {isa = PBXBuildFile; fileRef = CD81B478232E5FEE0067E2BA /* AppDelegate.swift */; };
		CD81B47B232E5FEE0067E2BA /* SceneDelegate.swift in Sources */ = {isa = PBXBuildFile; fileRef = CD81B47A232E5FEE0067E2BA /* SceneDelegate.swift */; };
		CD81B47D232E5FEE0067E2BA /* ContentView.swift in Sources */ = {isa = PBXBuildFile; fileRef = CD81B47C232E5FEE0067E2BA /* ContentView.swift */; };
		CD81B47F232E5FF00067E2BA /* Assets.xcassets in Resources */ = {isa = PBXBuildFile; fileRef = CD81B47E232E5FF00067E2BA /* Assets.xcassets */; };
		CD81B482232E5FF00067E2BA /* Preview Assets.xcassets in Resources */ = {isa = PBXBuildFile; fileRef = CD81B481232E5FF00067E2BA /* Preview Assets.xcassets */; };
		CD81B485232E5FF00067E2BA /* LaunchScreen.storyboard in Resources */ = {isa = PBXBuildFile; fileRef = CD81B483232E5FF00067E2BA /* LaunchScreen.storyboard */; };
		CD81B490232E5FF00067E2BA /* Chap03_01AppTests.swift in Sources */ = {isa = PBXBuildFile; fileRef = CD81B48F232E5FF00067E2BA /* Chap03_01AppTests.swift */; };
		CD81B49B232E5FF00067E2BA /* Chap03_01AppUITests.swift in Sources */ = {isa = PBXBuildFile; fileRef = CD81B49A232E5FF00067E2BA /* Chap03_01AppUITests.swift */; };
		CD81B4A9232E604F0067E2BA /* MessageSender.swift in Sources */ = {isa = PBXBuildFile; fileRef = CD81B4A8232E604F0067E2BA /* MessageSender.swift */; };
		CD81B4AB232E6A1D0067E2BA /* TextMessageInput.swift in Sources */ = {isa = PBXBuildFile; fileRef = CD81B4AA232E6A1D0067E2BA /* TextMessageInput.swift */; };
		CD81B4AD232E6C9E0067E2BA /* ImageMessageInput.swift in Sources */ = {isa = PBXBuildFile; fileRef = CD81B4AC232E6C9E0067E2BA /* ImageMessageInput.swift */; };
		CDABAF06232E84A0007D54D2 /* MessageInput.swift in Sources */ = {isa = PBXBuildFile; fileRef = CDABAF05232E84A0007D54D2 /* MessageInput.swift */; };
		CDABAF0A232E8DA9007D54D2 /* CommonMessageAPI.swift in Sources */ = {isa = PBXBuildFile; fileRef = CDABAF09232E8DA9007D54D2 /* CommonMessageAPI.swift */; };
		CDABAF10232E903F007D54D2 /* CommonMessageAPITests.swift in Sources */ = {isa = PBXBuildFile; fileRef = CDABAF0F232E903F007D54D2 /* CommonMessageAPITests.swift */; };
/* End PBXBuildFile section */

/* Begin PBXContainerItemProxy section */
		CD81B48C232E5FF00067E2BA /* PBXContainerItemProxy */ = {
			isa = PBXContainerItemProxy;
			containerPortal = CD81B46D232E5FEE0067E2BA /* Project object */;
			proxyType = 1;
			remoteGlobalIDString = CD81B474232E5FEE0067E2BA;
			remoteInfo = "Chap03-01App";
		};
		CD81B497232E5FF00067E2BA /* PBXContainerItemProxy */ = {
			isa = PBXContainerItemProxy;
			containerPortal = CD81B46D232E5FEE0067E2BA /* Project object */;
			proxyType = 1;
			remoteGlobalIDString = CD81B474232E5FEE0067E2BA;
			remoteInfo = "Chap03-01App";
		};
/* End PBXContainerItemProxy section */

/* Begin PBXFileReference section */
		CD81B475232E5FEE0067E2BA /* Chap03-01App.app */ = {isa = PBXFileReference; explicitFileType = wrapper.application; includeInIndex = 0; path = "Chap03-01App.app"; sourceTree = BUILT_PRODUCTS_DIR; };
		CD81B478232E5FEE0067E2BA /* AppDelegate.swift */ = {isa = PBXFileReference; lastKnownFileType = sourcecode.swift; path = AppDelegate.swift; sourceTree = "<group>"; };
		CD81B47A232E5FEE0067E2BA /* SceneDelegate.swift */ = {isa = PBXFileReference; lastKnownFileType = sourcecode.swift; path = SceneDelegate.swift; sourceTree = "<group>"; };
		CD81B47C232E5FEE0067E2BA /* ContentView.swift */ = {isa = PBXFileReference; lastKnownFileType = sourcecode.swift; path = ContentView.swift; sourceTree = "<group>"; };
		CD81B47E232E5FF00067E2BA /* Assets.xcassets */ = {isa = PBXFileReference; lastKnownFileType = folder.assetcatalog; path = Assets.xcassets; sourceTree = "<group>"; };
		CD81B481232E5FF00067E2BA /* Preview Assets.xcassets */ = {isa = PBXFileReference; lastKnownFileType = folder.assetcatalog; path = "Preview Assets.xcassets"; sourceTree = "<group>"; };
		CD81B484232E5FF00067E2BA /* Base */ = {isa = PBXFileReference; lastKnownFileType = file.storyboard; name = Base; path = Base.lproj/LaunchScreen.storyboard; sourceTree = "<group>"; };
		CD81B486232E5FF00067E2BA /* Info.plist */ = {isa = PBXFileReference; lastKnownFileType = text.plist.xml; path = Info.plist; sourceTree = "<group>"; };
		CD81B48B232E5FF00067E2BA /* Chap03-01AppTests.xctest */ = {isa = PBXFileReference; explicitFileType = wrapper.cfbundle; includeInIndex = 0; path = "Chap03-01AppTests.xctest"; sourceTree = BUILT_PRODUCTS_DIR; };
		CD81B48F232E5FF00067E2BA /* Chap03_01AppTests.swift */ = {isa = PBXFileReference; lastKnownFileType = sourcecode.swift; path = Chap03_01AppTests.swift; sourceTree = "<group>"; };
		CD81B491232E5FF00067E2BA /* Info.plist */ = {isa = PBXFileReference; lastKnownFileType = text.plist.xml; path = Info.plist; sourceTree = "<group>"; };
		CD81B496232E5FF00067E2BA /* Chap03-01AppUITests.xctest */ = {isa = PBXFileReference; explicitFileType = wrapper.cfbundle; includeInIndex = 0; path = "Chap03-01AppUITests.xctest"; sourceTree = BUILT_PRODUCTS_DIR; };
		CD81B49A232E5FF00067E2BA /* Chap03_01AppUITests.swift */ = {isa = PBXFileReference; lastKnownFileType = sourcecode.swift; path = Chap03_01AppUITests.swift; sourceTree = "<group>"; };
		CD81B49C232E5FF00067E2BA /* Info.plist */ = {isa = PBXFileReference; lastKnownFileType = text.plist.xml; path = Info.plist; sourceTree = "<group>"; };
		CD81B4A8232E604F0067E2BA /* MessageSender.swift */ = {isa = PBXFileReference; lastKnownFileType = sourcecode.swift; path = MessageSender.swift; sourceTree = "<group>"; };
		CD81B4AA232E6A1D0067E2BA /* TextMessageInput.swift */ = {isa = PBXFileReference; lastKnownFileType = sourcecode.swift; path = TextMessageInput.swift; sourceTree = "<group>"; };
		CD81B4AC232E6C9E0067E2BA /* ImageMessageInput.swift */ = {isa = PBXFileReference; lastKnownFileType = sourcecode.swift; path = ImageMessageInput.swift; sourceTree = "<group>"; };
		CDABAF05232E84A0007D54D2 /* MessageInput.swift */ = {isa = PBXFileReference; lastKnownFileType = sourcecode.swift; path = MessageInput.swift; sourceTree = "<group>"; };
		CDABAF09232E8DA9007D54D2 /* CommonMessageAPI.swift */ = {isa = PBXFileReference; lastKnownFileType = sourcecode.swift; path = CommonMessageAPI.swift; sourceTree = "<group>"; };
		CDABAF0F232E903F007D54D2 /* CommonMessageAPITests.swift */ = {isa = PBXFileReference; lastKnownFileType = sourcecode.swift; path = CommonMessageAPITests.swift; sourceTree = "<group>"; };
/* End PBXFileReference section */

/* Begin PBXFrameworksBuildPhase section */
		CD81B472232E5FEE0067E2BA /* Frameworks */ = {
			isa = PBXFrameworksBuildPhase;
			buildActionMask = 2147483647;
			files = (
			);
			runOnlyForDeploymentPostprocessing = 0;
		};
		CD81B488232E5FF00067E2BA /* Frameworks */ = {
			isa = PBXFrameworksBuildPhase;
			buildActionMask = 2147483647;
			files = (
			);
			runOnlyForDeploymentPostprocessing = 0;
		};
		CD81B493232E5FF00067E2BA /* Frameworks */ = {
			isa = PBXFrameworksBuildPhase;
			buildActionMask = 2147483647;
			files = (
			);
			runOnlyForDeploymentPostprocessing = 0;
		};
/* End PBXFrameworksBuildPhase section */

/* Begin PBXGroup section */
		CD81B46C232E5FEE0067E2BA = {
			isa = PBXGroup;
			children = (
				CD81B477232E5FEE0067E2BA /* Chap03-01App */,
				CD81B48E232E5FF00067E2BA /* Chap03-01AppTests */,
				CD81B499232E5FF00067E2BA /* Chap03-01AppUITests */,
				CD81B476232E5FEE0067E2BA /* Products */,
			);
			sourceTree = "<group>";
		};
		CD81B476232E5FEE0067E2BA /* Products */ = {
			isa = PBXGroup;
			children = (
				CD81B475232E5FEE0067E2BA /* Chap03-01App.app */,
				CD81B48B232E5FF00067E2BA /* Chap03-01AppTests.xctest */,
				CD81B496232E5FF00067E2BA /* Chap03-01AppUITests.xctest */,
			);
			name = Products;
			sourceTree = "<group>";
		};
		CD81B477232E5FEE0067E2BA /* Chap03-01App */ = {
			isa = PBXGroup;
			children = (
				CD81B478232E5FEE0067E2BA /* AppDelegate.swift */,
				CD81B47A232E5FEE0067E2BA /* SceneDelegate.swift */,
				CD81B47C232E5FEE0067E2BA /* ContentView.swift */,
				CDABAF0C232E8E8A007D54D2 /* 03 */,
				CD81B47E232E5FF00067E2BA /* Assets.xcassets */,
				CD81B483232E5FF00067E2BA /* LaunchScreen.storyboard */,
				CD81B486232E5FF00067E2BA /* Info.plist */,
				CD81B480232E5FF00067E2BA /* Preview Content */,
			);
			path = "Chap03-01App";
			sourceTree = "<group>";
		};
		CD81B480232E5FF00067E2BA /* Preview Content */ = {
			isa = PBXGroup;
			children = (
				CD81B481232E5FF00067E2BA /* Preview Assets.xcassets */,
			);
			path = "Preview Content";
			sourceTree = "<group>";
		};
		CD81B48E232E5FF00067E2BA /* Chap03-01AppTests */ = {
			isa = PBXGroup;
			children = (
				CD81B48F232E5FF00067E2BA /* Chap03_01AppTests.swift */,
				CDABAF0F232E903F007D54D2 /* CommonMessageAPITests.swift */,
				CD81B491232E5FF00067E2BA /* Info.plist */,
			);
			path = "Chap03-01AppTests";
			sourceTree = "<group>";
		};
		CD81B499232E5FF00067E2BA /* Chap03-01AppUITests */ = {
			isa = PBXGroup;
			children = (
				CD81B49A232E5FF00067E2BA /* Chap03_01AppUITests.swift */,
				CD81B49C232E5FF00067E2BA /* Info.plist */,
			);
			path = "Chap03-01AppUITests";
			sourceTree = "<group>";
		};
		CDABAF0C232E8E8A007D54D2 /* 03 */ = {
			isa = PBXGroup;
			children = (
				CD81B4A8232E604F0067E2BA /* MessageSender.swift */,
				CDABAF09232E8DA9007D54D2 /* CommonMessageAPI.swift */,
				CDABAF05232E84A0007D54D2 /* MessageInput.swift */,
				CD81B4AA232E6A1D0067E2BA /* TextMessageInput.swift */,
				CD81B4AC232E6C9E0067E2BA /* ImageMessageInput.swift */,
			);
			path = 03;
			sourceTree = "<group>";
		};
/* End PBXGroup section */

/* Begin PBXNativeTarget section */
		CD81B474232E5FEE0067E2BA /* Chap03-01App */ = {
			isa = PBXNativeTarget;
			buildConfigurationList = CD81B49F232E5FF00067E2BA /* Build configuration list for PBXNativeTarget "Chap03-01App" */;
			buildPhases = (
				CD81B471232E5FEE0067E2BA /* Sources */,
				CD81B472232E5FEE0067E2BA /* Frameworks */,
				CD81B473232E5FEE0067E2BA /* Resources */,
			);
			buildRules = (
			);
			dependencies = (
			);
			name = "Chap03-01App";
			productName = "Chap03-01App";
			productReference = CD81B475232E5FEE0067E2BA /* Chap03-01App.app */;
			productType = "com.apple.product-type.application";
		};
		CD81B48A232E5FF00067E2BA /* Chap03-01AppTests */ = {
			isa = PBXNativeTarget;
			buildConfigurationList = CD81B4A2232E5FF00067E2BA /* Build configuration list for PBXNativeTarget "Chap03-01AppTests" */;
			buildPhases = (
				CD81B487232E5FF00067E2BA /* Sources */,
				CD81B488232E5FF00067E2BA /* Frameworks */,
				CD81B489232E5FF00067E2BA /* Resources */,
			);
			buildRules = (
			);
			dependencies = (
				CD81B48D232E5FF00067E2BA /* PBXTargetDependency */,
			);
			name = "Chap03-01AppTests";
			productName = "Chap03-01AppTests";
			productReference = CD81B48B232E5FF00067E2BA /* Chap03-01AppTests.xctest */;
			productType = "com.apple.product-type.bundle.unit-test";
		};
		CD81B495232E5FF00067E2BA /* Chap03-01AppUITests */ = {
			isa = PBXNativeTarget;
			buildConfigurationList = CD81B4A5232E5FF00067E2BA /* Build configuration list for PBXNativeTarget "Chap03-01AppUITests" */;
			buildPhases = (
				CD81B492232E5FF00067E2BA /* Sources */,
				CD81B493232E5FF00067E2BA /* Frameworks */,
				CD81B494232E5FF00067E2BA /* Resources */,
			);
			buildRules = (
			);
			dependencies = (
				CD81B498232E5FF00067E2BA /* PBXTargetDependency */,
			);
			name = "Chap03-01AppUITests";
			productName = "Chap03-01AppUITests";
			productReference = CD81B496232E5FF00067E2BA /* Chap03-01AppUITests.xctest */;
			productType = "com.apple.product-type.bundle.ui-testing";
		};
/* End PBXNativeTarget section */

/* Begin PBXProject section */
		CD81B46D232E5FEE0067E2BA /* Project object */ = {
			isa = PBXProject;
			attributes = {
				LastSwiftUpdateCheck = 1100;
				LastUpgradeCheck = 1100;
				ORGANIZATIONNAME = MyCompany;
				TargetAttributes = {
					CD81B474232E5FEE0067E2BA = {
						CreatedOnToolsVersion = 11.0;
					};
					CD81B48A232E5FF00067E2BA = {
						CreatedOnToolsVersion = 11.0;
						TestTargetID = CD81B474232E5FEE0067E2BA;
					};
					CD81B495232E5FF00067E2BA = {
						CreatedOnToolsVersion = 11.0;
						TestTargetID = CD81B474232E5FEE0067E2BA;
					};
				};
			};
			buildConfigurationList = CD81B470232E5FEE0067E2BA /* Build configuration list for PBXProject "Chap03-01App" */;
			compatibilityVersion = "Xcode 9.3";
			developmentRegion = en;
			hasScannedForEncodings = 0;
			knownRegions = (
				en,
				Base,
			);
			mainGroup = CD81B46C232E5FEE0067E2BA;
			productRefGroup = CD81B476232E5FEE0067E2BA /* Products */;
			projectDirPath = "";
			projectRoot = "";
			targets = (
				CD81B474232E5FEE0067E2BA /* Chap03-01App */,
				CD81B48A232E5FF00067E2BA /* Chap03-01AppTests */,
				CD81B495232E5FF00067E2BA /* Chap03-01AppUITests */,
			);
		};
/* End PBXProject section */

/* Begin PBXResourcesBuildPhase section */
		CD81B473232E5FEE0067E2BA /* Resources */ = {
			isa = PBXResourcesBuildPhase;
			buildActionMask = 2147483647;
			files = (
				CD81B485232E5FF00067E2BA /* LaunchScreen.storyboard in Resources */,
				CD81B482232E5FF00067E2BA /* Preview Assets.xcassets in Resources */,
				CD81B47F232E5FF00067E2BA /* Assets.xcassets in Resources */,
			);
			runOnlyForDeploymentPostprocessing = 0;
		};
		CD81B489232E5FF00067E2BA /* Resources */ = {
			isa = PBXResourcesBuildPhase;
			buildActionMask = 2147483647;
			files = (
			);
			runOnlyForDeploymentPostprocessing = 0;
		};
		CD81B494232E5FF00067E2BA /* Resources */ = {
			isa = PBXResourcesBuildPhase;
			buildActionMask = 2147483647;
			files = (
			);
			runOnlyForDeploymentPostprocessing = 0;
		};
/* End PBXResourcesBuildPhase section */

/* Begin PBXSourcesBuildPhase section */
		CD81B471232E5FEE0067E2BA /* Sources */ = {
			isa = PBXSourcesBuildPhase;
			buildActionMask = 2147483647;
			files = (
				CD81B4A9232E604F0067E2BA /* MessageSender.swift in Sources */,
				CD81B4AB232E6A1D0067E2BA /* TextMessageInput.swift in Sources */,
				CD81B4AD232E6C9E0067E2BA /* ImageMessageInput.swift in Sources */,
				CDABAF06232E84A0007D54D2 /* MessageInput.swift in Sources */,
				CD81B479232E5FEE0067E2BA /* AppDelegate.swift in Sources */,
				CD81B47B232E5FEE0067E2BA /* SceneDelegate.swift in Sources */,
				CD81B47D232E5FEE0067E2BA /* ContentView.swift in Sources */,
				CDABAF0A232E8DA9007D54D2 /* CommonMessageAPI.swift in Sources */,
			);
			runOnlyForDeploymentPostprocessing = 0;
		};
		CD81B487232E5FF00067E2BA /* Sources */ = {
			isa = PBXSourcesBuildPhase;
			buildActionMask = 2147483647;
			files = (
				CD81B490232E5FF00067E2BA /* Chap03_01AppTests.swift in Sources */,
				CDABAF10232E903F007D54D2 /* CommonMessageAPITests.swift in Sources */,
			);
			runOnlyForDeploymentPostprocessing = 0;
		};
		CD81B492232E5FF00067E2BA /* Sources */ = {
			isa = PBXSourcesBuildPhase;
			buildActionMask = 2147483647;
			files = (
				CD81B49B232E5FF00067E2BA /* Chap03_01AppUITests.swift in Sources */,
			);
			runOnlyForDeploymentPostprocessing = 0;
		};
/* End PBXSourcesBuildPhase section */

/* Begin PBXTargetDependency section */
		CD81B48D232E5FF00067E2BA /* PBXTargetDependency */ = {
			isa = PBXTargetDependency;
			target = CD81B474232E5FEE0067E2BA /* Chap03-01App */;
			targetProxy = CD81B48C232E5FF00067E2BA /* PBXContainerItemProxy */;
		};
		CD81B498232E5FF00067E2BA /* PBXTargetDependency */ = {
			isa = PBXTargetDependency;
			target = CD81B474232E5FEE0067E2BA /* Chap03-01App */;
			targetProxy = CD81B497232E5FF00067E2BA /* PBXContainerItemProxy */;
		};
/* End PBXTargetDependency section */

/* Begin PBXVariantGroup section */
		CD81B483232E5FF00067E2BA /* LaunchScreen.storyboard */ = {
			isa = PBXVariantGroup;
			children = (
				CD81B484232E5FF00067E2BA /* Base */,
			);
			name = LaunchScreen.storyboard;
			sourceTree = "<group>";
		};
/* End PBXVariantGroup section */

/* Begin XCBuildConfiguration section */
		CD81B49D232E5FF00067E2BA /* Debug */ = {
			isa = XCBuildConfiguration;
			buildSettings = {
				ALWAYS_SEARCH_USER_PATHS = NO;
				CLANG_ANALYZER_NONNULL = YES;
				CLANG_ANALYZER_NUMBER_OBJECT_CONVERSION = YES_AGGRESSIVE;
				CLANG_CXX_LANGUAGE_STANDARD = "gnu++14";
				CLANG_CXX_LIBRARY = "libc++";
				CLANG_ENABLE_MODULES = YES;
				CLANG_ENABLE_OBJC_ARC = YES;
				CLANG_ENABLE_OBJC_WEAK = YES;
				CLANG_WARN_BLOCK_CAPTURE_AUTORELEASING = YES;
				CLANG_WARN_BOOL_CONVERSION = YES;
				CLANG_WARN_COMMA = YES;
				CLANG_WARN_CONSTANT_CONVERSION = YES;
				CLANG_WARN_DEPRECATED_OBJC_IMPLEMENTATIONS = YES;
				CLANG_WARN_DIRECT_OBJC_ISA_USAGE = YES_ERROR;
				CLANG_WARN_DOCUMENTATION_COMMENTS = YES;
				CLANG_WARN_EMPTY_BODY = YES;
				CLANG_WARN_ENUM_CONVERSION = YES;
				CLANG_WARN_INFINITE_RECURSION = YES;
				CLANG_WARN_INT_CONVERSION = YES;
				CLANG_WARN_NON_LITERAL_NULL_CONVERSION = YES;
				CLANG_WARN_OBJC_IMPLICIT_RETAIN_SELF = YES;
				CLANG_WARN_OBJC_LITERAL_CONVERSION = YES;
				CLANG_WARN_OBJC_ROOT_CLASS = YES_ERROR;
				CLANG_WARN_RANGE_LOOP_ANALYSIS = YES;
				CLANG_WARN_STRICT_PROTOTYPES = YES;
				CLANG_WARN_SUSPICIOUS_MOVE = YES;
				CLANG_WARN_UNGUARDED_AVAILABILITY = YES_AGGRESSIVE;
				CLANG_WARN_UNREACHABLE_CODE = YES;
				CLANG_WARN__DUPLICATE_METHOD_MATCH = YES;
				COPY_PHASE_STRIP = NO;
				DEBUG_INFORMATION_FORMAT = dwarf;
				ENABLE_STRICT_OBJC_MSGSEND = YES;
				ENABLE_TESTABILITY = YES;
				GCC_C_LANGUAGE_STANDARD = gnu11;
				GCC_DYNAMIC_NO_PIC = NO;
				GCC_NO_COMMON_BLOCKS = YES;
				GCC_OPTIMIZATION_LEVEL = 0;
				GCC_PREPROCESSOR_DEFINITIONS = (
					"DEBUG=1",
					"$(inherited)",
				);
				GCC_WARN_64_TO_32_BIT_CONVERSION = YES;
				GCC_WARN_ABOUT_RETURN_TYPE = YES_ERROR;
				GCC_WARN_UNDECLARED_SELECTOR = YES;
				GCC_WARN_UNINITIALIZED_AUTOS = YES_AGGRESSIVE;
				GCC_WARN_UNUSED_FUNCTION = YES;
				GCC_WARN_UNUSED_VARIABLE = YES;
				IPHONEOS_DEPLOYMENT_TARGET = 13.0;
				MTL_ENABLE_DEBUG_INFO = INCLUDE_SOURCE;
				MTL_FAST_MATH = YES;
				ONLY_ACTIVE_ARCH = YES;
				SDKROOT = iphoneos;
				SWIFT_ACTIVE_COMPILATION_CONDITIONS = DEBUG;
				SWIFT_OPTIMIZATION_LEVEL = "-Onone";
			};
			name = Debug;
		};
		CD81B49E232E5FF00067E2BA /* Release */ = {
			isa = XCBuildConfiguration;
			buildSettings = {
				ALWAYS_SEARCH_USER_PATHS = NO;
				CLANG_ANALYZER_NONNULL = YES;
				CLANG_ANALYZER_NUMBER_OBJECT_CONVERSION = YES_AGGRESSIVE;
				CLANG_CXX_LANGUAGE_STANDARD = "gnu++14";
				CLANG_CXX_LIBRARY = "libc++";
				CLANG_ENABLE_MODULES = YES;
				CLANG_ENABLE_OBJC_ARC = YES;
				CLANG_ENABLE_OBJC_WEAK = YES;
				CLANG_WARN_BLOCK_CAPTURE_AUTORELEASING = YES;
				CLANG_WARN_BOOL_CONVERSION = YES;
				CLANG_WARN_COMMA = YES;
				CLANG_WARN_CONSTANT_CONVERSION = YES;
				CLANG_WARN_DEPRECATED_OBJC_IMPLEMENTATIONS = YES;
				CLANG_WARN_DIRECT_OBJC_ISA_USAGE = YES_ERROR;
				CLANG_WARN_DOCUMENTATION_COMMENTS = YES;
				CLANG_WARN_EMPTY_BODY = YES;
				CLANG_WARN_ENUM_CONVERSION = YES;
				CLANG_WARN_INFINITE_RECURSION = YES;
				CLANG_WARN_INT_CONVERSION = YES;
				CLANG_WARN_NON_LITERAL_NULL_CONVERSION = YES;
				CLANG_WARN_OBJC_IMPLICIT_RETAIN_SELF = YES;
				CLANG_WARN_OBJC_LITERAL_CONVERSION = YES;
				CLANG_WARN_OBJC_ROOT_CLASS = YES_ERROR;
				CLANG_WARN_RANGE_LOOP_ANALYSIS = YES;
				CLANG_WARN_STRICT_PROTOTYPES = YES;
				CLANG_WARN_SUSPICIOUS_MOVE = YES;
				CLANG_WARN_UNGUARDED_AVAILABILITY = YES_AGGRESSIVE;
				CLANG_WARN_UNREACHABLE_CODE = YES;
				CLANG_WARN__DUPLICATE_METHOD_MATCH = YES;
				COPY_PHASE_STRIP = NO;
				DEBUG_INFORMATION_FORMAT = "dwarf-with-dsym";
				ENABLE_NS_ASSERTIONS = NO;
				ENABLE_STRICT_OBJC_MSGSEND = YES;
				GCC_C_LANGUAGE_STANDARD = gnu11;
				GCC_NO_COMMON_BLOCKS = YES;
				GCC_WARN_64_TO_32_BIT_CONVERSION = YES;
				GCC_WARN_ABOUT_RETURN_TYPE = YES_ERROR;
				GCC_WARN_UNDECLARED_SELECTOR = YES;
				GCC_WARN_UNINITIALIZED_AUTOS = YES_AGGRESSIVE;
				GCC_WARN_UNUSED_FUNCTION = YES;
				GCC_WARN_UNUSED_VARIABLE = YES;
				IPHONEOS_DEPLOYMENT_TARGET = 13.0;
				MTL_ENABLE_DEBUG_INFO = NO;
				MTL_FAST_MATH = YES;
				SDKROOT = iphoneos;
				SWIFT_COMPILATION_MODE = wholemodule;
				SWIFT_OPTIMIZATION_LEVEL = "-O";
				VALIDATE_PRODUCT = YES;
			};
			name = Release;
		};
		CD81B4A0232E5FF00067E2BA /* Debug */ = {
			isa = XCBuildConfiguration;
			buildSettings = {
				ASSETCATALOG_COMPILER_APPICON_NAME = AppIcon;
				CODE_SIGN_STYLE = Automatic;
				DEVELOPMENT_ASSET_PATHS = "\"Chap03-01App/Preview Content\"";
				DEVELOPMENT_TEAM = EKHH36FV97;
				ENABLE_PREVIEWS = YES;
				INFOPLIST_FILE = "Chap03-01App/Info.plist";
				LD_RUNPATH_SEARCH_PATHS = (
					"$(inherited)",
					"@executable_path/Frameworks",
				);
				PRODUCT_BUNDLE_IDENTIFIER = "training.swift.sample.Chap03-01App";
				PRODUCT_NAME = "$(TARGET_NAME)";
				SWIFT_VERSION = 5.0;
				TARGETED_DEVICE_FAMILY = "1,2";
			};
			name = Debug;
		};
		CD81B4A1232E5FF00067E2BA /* Release */ = {
			isa = XCBuildConfiguration;
			buildSettings = {
				ASSETCATALOG_COMPILER_APPICON_NAME = AppIcon;
				CODE_SIGN_STYLE = Automatic;
				DEVELOPMENT_ASSET_PATHS = "\"Chap03-01App/Preview Content\"";
				DEVELOPMENT_TEAM = EKHH36FV97;
				ENABLE_PREVIEWS = YES;
				INFOPLIST_FILE = "Chap03-01App/Info.plist";
				LD_RUNPATH_SEARCH_PATHS = (
					"$(inherited)",
					"@executable_path/Frameworks",
				);
				PRODUCT_BUNDLE_IDENTIFIER = "training.swift.sample.Chap03-01App";
				PRODUCT_NAME = "$(TARGET_NAME)";
				SWIFT_VERSION = 5.0;
				TARGETED_DEVICE_FAMILY = "1,2";
			};
			name = Release;
		};
		CD81B4A3232E5FF00067E2BA /* Debug */ = {
			isa = XCBuildConfiguration;
			buildSettings = {
				ALWAYS_EMBED_SWIFT_STANDARD_LIBRARIES = YES;
				BUNDLE_LOADER = "$(TEST_HOST)";
				CODE_SIGN_STYLE = Automatic;
				DEVELOPMENT_TEAM = EKHH36FV97;
				INFOPLIST_FILE = "Chap03-01AppTests/Info.plist";
				IPHONEOS_DEPLOYMENT_TARGET = 13.0;
				LD_RUNPATH_SEARCH_PATHS = (
					"$(inherited)",
					"@executable_path/Frameworks",
					"@loader_path/Frameworks",
				);
				PRODUCT_BUNDLE_IDENTIFIER = "training.swift.sample.Chap03-01AppTests";
				PRODUCT_NAME = "$(TARGET_NAME)";
				SWIFT_VERSION = 5.0;
				TARGETED_DEVICE_FAMILY = "1,2";
				TEST_HOST = "$(BUILT_PRODUCTS_DIR)/Chap03-01App.app/Chap03-01App";
			};
			name = Debug;
		};
		CD81B4A4232E5FF00067E2BA /* Release */ = {
			isa = XCBuildConfiguration;
			buildSettings = {
				ALWAYS_EMBED_SWIFT_STANDARD_LIBRARIES = YES;
				BUNDLE_LOADER = "$(TEST_HOST)";
				CODE_SIGN_STYLE = Automatic;
				DEVELOPMENT_TEAM = EKHH36FV97;
				INFOPLIST_FILE = "Chap03-01AppTests/Info.plist";
				IPHONEOS_DEPLOYMENT_TARGET = 13.0;
				LD_RUNPATH_SEARCH_PATHS = (
					"$(inherited)",
					"@executable_path/Frameworks",
					"@loader_path/Frameworks",
				);
				PRODUCT_BUNDLE_IDENTIFIER = "training.swift.sample.Chap03-01AppTests";
				PRODUCT_NAME = "$(TARGET_NAME)";
				SWIFT_VERSION = 5.0;
				TARGETED_DEVICE_FAMILY = "1,2";
				TEST_HOST = "$(BUILT_PRODUCTS_DIR)/Chap03-01App.app/Chap03-01App";
			};
			name = Release;
		};
		CD81B4A6232E5FF00067E2BA /* Debug */ = {
			isa = XCBuildConfiguration;
			buildSettings = {
				ALWAYS_EMBED_SWIFT_STANDARD_LIBRARIES = YES;
				CODE_SIGN_STYLE = Automatic;
				DEVELOPMENT_TEAM = EKHH36FV97;
				INFOPLIST_FILE = "Chap03-01AppUITests/Info.plist";
				LD_RUNPATH_SEARCH_PATHS = (
					"$(inherited)",
					"@executable_path/Frameworks",
					"@loader_path/Frameworks",
				);
				PRODUCT_BUNDLE_IDENTIFIER = "training.swift.sample.Chap03-01AppUITests";
				PRODUCT_NAME = "$(TARGET_NAME)";
				SWIFT_VERSION = 5.0;
				TARGETED_DEVICE_FAMILY = "1,2";
				TEST_TARGET_NAME = "Chap03-01App";
			};
			name = Debug;
		};
		CD81B4A7232E5FF00067E2BA /* Release */ = {
			isa = XCBuildConfiguration;
			buildSettings = {
				ALWAYS_EMBED_SWIFT_STANDARD_LIBRARIES = YES;
				CODE_SIGN_STYLE = Automatic;
				DEVELOPMENT_TEAM = EKHH36FV97;
				INFOPLIST_FILE = "Chap03-01AppUITests/Info.plist";
				LD_RUNPATH_SEARCH_PATHS = (
					"$(inherited)",
					"@executable_path/Frameworks",
					"@loader_path/Frameworks",
				);
				PRODUCT_BUNDLE_IDENTIFIER = "training.swift.sample.Chap03-01AppUITests";
				PRODUCT_NAME = "$(TARGET_NAME)";
				SWIFT_VERSION = 5.0;
				TARGETED_DEVICE_FAMILY = "1,2";
				TEST_TARGET_NAME = "Chap03-01App";
			};
			name = Release;
		};
/* End XCBuildConfiguration section */

/* Begin XCConfigurationList section */
		CD81B470232E5FEE0067E2BA /* Build configuration list for PBXProject "Chap03-01App" */ = {
			isa = XCConfigurationList;
			buildConfigurations = (
				CD81B49D232E5FF00067E2BA /* Debug */,
				CD81B49E232E5FF00067E2BA /* Release */,
			);
			defaultConfigurationIsVisible = 0;
			defaultConfigurationName = Release;
		};
		CD81B49F232E5FF00067E2BA /* Build configuration list for PBXNativeTarget "Chap03-01App" */ = {
			isa = XCConfigurationList;
			buildConfigurations = (
				CD81B4A0232E5FF00067E2BA /* Debug */,
				CD81B4A1232E5FF00067E2BA /* Release */,
			);
			defaultConfigurationIsVisible = 0;
			defaultConfigurationName = Release;
		};
		CD81B4A2232E5FF00067E2BA /* Build configuration list for PBXNativeTarget "Chap03-01AppTests" */ = {
			isa = XCConfigurationList;
			buildConfigurations = (
				CD81B4A3232E5FF00067E2BA /* Debug */,
				CD81B4A4232E5FF00067E2BA /* Release */,
			);
			defaultConfigurationIsVisible = 0;
			defaultConfigurationName = Release;
		};
		CD81B4A5232E5FF00067E2BA /* Build configuration list for PBXNativeTarget "Chap03-01AppUITests" */ = {
			isa = XCConfigurationList;
			buildConfigurations = (
				CD81B4A6232E5FF00067E2BA /* Debug */,
				CD81B4A7232E5FF00067E2BA /* Release */,
			);
			defaultConfigurationIsVisible = 0;
			defaultConfigurationName = Release;
		};
/* End XCConfigurationList section */
	};
	rootObject = CD81B46D232E5FEE0067E2BA /* Project object */;
}
